{
  "version": 2,
  "dependencies": {
    "net10.0": {
      "Quartz": {
        "type": "Direct",
        "requested": "[3.18.2, )",
        "resolved": "3.18.2",
        "contentHash": "/KaRLj7jv84RSIR/UtAWnzYRmS7o/mA6CdEuoLwxhLa9Nfl7Q1keMA7Fe/r2BzRfDf+7YpN1QNEYSSU89DA3OA==",
        "dependencies": {
          "Microsoft.Extensions.Logging.Abstractions": "2.1.1"
        }
      },
      "MediatR.Contracts": {
        "type": "Transitive",
        "resolved": "2.0.1",
        "contentHash": "FYv95bNT4UwcNA+G/J1oX5OpRiSUxteXaUt2BJbRSdRNiIUNbggJF69wy6mnk2wYToaanpdXZdCwVylt96MpwQ=="
      },
      "Microsoft.Extensions.Logging.Abstractions": {
        "type": "Transitive",
        "resolved": "2.1.1",
        "contentHash": "XRzK7ZF+O6FzdfWrlFTi1Rgj2080ZDsd46vzOjadHUB0Cz5kOvDG8vI7caa5YFrsHQpcfn0DxtjS4E46N4FZsA=="
      },
      "tw.backgroundjobs": {
        "type": "Project",
        "dependencies": {
          "MediatR": "[12.5.0, )",
          "Tw.BackgroundJobs.Abstractions": "[0.1.0-alpha.1, )"
        }
      },
      "tw.backgroundjobs.abstractions": {
        "type": "Project"
      },
      "MediatR": {
        "type": "CentralTransitive",
        "requested": "[12.5.0, )",
        "resolved": "12.5.0",
        "contentHash": "vqm2H8/nqL5NAJHPhsG1JOPwfkmbVrPyh4svdoRzu+uZh6Ex7PRoHBGsLYC0/RWCEJFqD1ohHNpteQvql9OktA==",
        "dependencies": {
          "MediatR.Contracts": "[2.0.1, 3.0.0)",
          "Microsoft.Extensions.DependencyInjection.Abstractions": "8.0.0"
        }
      },
      "Microsoft.Extensions.DependencyInjection.Abstractions": {
        "type": "CentralTransitive",
        "requested": "[10.0.9, )",
        "resolved": "10.0.9",
        "contentHash": "g41l/30G3K4B/d/L8kjux0+30e27c8D0FVQ/PFCpbekgfDpj9mnDhieP67EqXWvl1EWNeZh2rpR4F5B/jcDOHA=="
      }
    }
  }
}