{
  "version": 2,
  "dependencies": {
    "net10.0": {
      "Microsoft.AspNetCore.Mvc.NewtonsoftJson": {
        "type": "Direct",
        "requested": "[10.0.9, )",
        "resolved": "10.0.9",
        "contentHash": "92fflUH1zefpjO7fnNJo3dpV0PQnvRpRcqR7ctlxnTumS1oQN8FRwRsruU/jW9PwWl/yYHOuFjuiHESzE4gY5g==",
        "dependencies": {
          "Microsoft.AspNetCore.JsonPatch": "10.0.9",
          "Newtonsoft.Json": "13.0.3",
          "Newtonsoft.Json.Bson": "1.0.2"
        }
      },
      "Newtonsoft.Json": {
        "type": "Direct",
        "requested": "[13.0.4, )",
        "resolved": "13.0.4",
        "contentHash": "pdgNNMai3zv51W5aq268sujXUyx7SNdE2bj1wZcWjAQrKMFZV260lbqYop1d2GM67JI1huLRwxo9ZqnfF/lC6A=="
      },
      "Microsoft.AspNetCore.JsonPatch": {
        "type": "Transitive",
        "resolved": "10.0.9",
        "contentHash": "XgN+a1F7kt4JOlwfiYSu6YMpK20QgIKebPE9QvrHogAX5A0jnqAG2E8I+Hh7/vu59+BrFKQ0UX6Ls7E80/O9IA==",
        "dependencies": {
          "Newtonsoft.Json": "13.0.3"
        }
      },
      "Newtonsoft.Json.Bson": {
        "type": "Transitive",
        "resolved": "1.0.2",
        "contentHash": "QYFyxhaABwmq3p/21VrZNYvCg3DaEoN/wUuw5nmfAf0X3HLjgupwhkEWdgfb9nvGAUIv3osmZoD3kKl4jxEmYQ==",
        "dependencies": {
          "Newtonsoft.Json": "12.0.1"
        }
      }
    }
  }
}