{
  "version": 2,
  "dependencies": {
    "net10.0": {
      "DistributedLock.Redis": {
        "type": "Direct",
        "requested": "[1.1.1, )",
        "resolved": "1.1.1",
        "contentHash": "6HZkVS+ozUJqqv6bmDRfT2ie6h+X721NlPmKZ3Mq6+oFhSiaTgGCFY5Kw9j34Je+rzFE5sO3BRxtr8bccS5Vzg==",
        "dependencies": {
          "DistributedLock.Core": "[1.0.8, 1.1.0)",
          "StackExchange.Redis": "2.7.33"
        }
      },
      "StackExchange.Redis": {
        "type": "Direct",
        "requested": "[3.0.11, )",
        "resolved": "3.0.11",
        "contentHash": "aLUOeQ3hpTg1H7AT6nVS3Roy8lKPsTG7VIEhspT5sNXWqcKbYJo1ytx8JqTNEWmnl/Ou/LwrDJntbl2P32IGcQ==",
        "dependencies": {
          "Microsoft.Extensions.Logging.Abstractions": "10.0.5",
          "RESPite": "3.0.11",
          "System.IO.Hashing": "10.0.5"
        }
      },
      "DistributedLock.Core": {
        "type": "Transitive",
        "resolved": "1.0.8",
        "contentHash": "LAOsY8WxX8JU/n3lfXFz+f2pfnv0+4bHkCrOO3bwa28u9HrS3DlxSG6jf+u76SqesKs+KehZi0CndkfaUXBKvg=="
      },
      "Microsoft.Extensions.Logging.Abstractions": {
        "type": "Transitive",
        "resolved": "10.0.5",
        "contentHash": "9HOdqlDtPptVcmKAjsQ/Nr5Rxfq6FMYLdhvZh1lVmeKR738qeYecQD7+ldooXf+u2KzzR1kafSphWngIM3C6ug==",
        "dependencies": {
          "Microsoft.Extensions.DependencyInjection.Abstractions": "10.0.5"
        }
      },
      "RESPite": {
        "type": "Transitive",
        "resolved": "3.0.11",
        "contentHash": "txORk48Kw4utEaKHD5AWyfsxj7ZTb8EuJM9RaQjPg0pt0YxjBHgFEohE4bia0o3Ik1F5MhoayaUy3hYvcsb5Ng=="
      },
      "System.IO.Hashing": {
        "type": "Transitive",
        "resolved": "10.0.5",
        "contentHash": "8IBJWcCT9+e4Bmevm4T7+fQEiAh133KGiz4oiVTgJckd3Q76OFdR1falgn9lpz7+C4HJvogCDJeAa2QmvbeVtg=="
      },
      "tw.distributedlocking": {
        "type": "Project"
      },
      "Microsoft.Extensions.DependencyInjection.Abstractions": {
        "type": "CentralTransitive",
        "requested": "[10.0.9, )",
        "resolved": "10.0.9",
        "contentHash": "g41l/30G3K4B/d/L8kjux0+30e27c8D0FVQ/PFCpbekgfDpj9mnDhieP67EqXWvl1EWNeZh2rpR4F5B/jcDOHA=="
      }
    }
  }
}