<Solution>
  <Folder Name="/Aspire/" />
  <Folder Name="/BuildingBlocks/" />
  <Folder Name="/BuildingBlocks/src/">
    <Project Path="BuildingBlocks/src/Excel/Tw.Excel.MiniExcel/Tw.Excel.MiniExcel.csproj" />
    <Project Path="BuildingBlocks/src/Excel/Tw.Excel/Tw.Excel.csproj" />
    <Project Path="BuildingBlocks/src/Foundation/Tw.ExceptionHandling/Tw.ExceptionHandling.csproj" />
    <Project Path="BuildingBlocks/src/Foundation/Tw.Json.Abstractions/Tw.Json.Abstractions.csproj" />
    <Project Path="BuildingBlocks/src/Foundation/Tw.Json.Newtonsoft/Tw.Json.Newtonsoft.csproj" />
    <Project Path="BuildingBlocks/src/Foundation/Tw.Security/Tw.Security.csproj" />
    <Project Path="BuildingBlocks/src/Foundation/Tw.Threading/Tw.Threading.csproj" />
    <Project Path="BuildingBlocks/src/Foundation/Tw.Timing/Tw.Timing.csproj" />
    <Project Path="BuildingBlocks/src/Foundation/Tw.Uow/Tw.Uow.csproj" />
    <Project Path="BuildingBlocks/src/Foundation/Tw.Validation.Abstractions/Tw.Validation.Abstractions.csproj" />
    <Project Path="BuildingBlocks/src/IdGeneration/Tw.IdGeneration.Yitter/Tw.IdGeneration.Yitter.csproj" />
    <Project Path="BuildingBlocks/src/IdGeneration/Tw.IdGeneration/Tw.IdGeneration.csproj" />
    <Project Path="BuildingBlocks/src/TextTemplating/Tw.TextTemplating.Scriban/Tw.TextTemplating.Scriban.csproj" />
    <Project Path="BuildingBlocks/src/TextTemplating/Tw.TextTemplating/Tw.TextTemplating.csproj" />
    <Project Path="BuildingBlocks/src/Web/Tw.AspNetCore.Grpc/Tw.AspNetCore.Grpc.csproj" />
    <Project Path="BuildingBlocks/src/Web/Tw.AspNetCore.Mvc/Tw.AspNetCore.Mvc.csproj" />
    <Project Path="BuildingBlocks/src/Web/Tw.AspNetCore/Tw.AspNetCore.csproj" Id="7ba0e388-29e1-49a5-8a18-d1ef9209c8e6" />
    <Project Path="BuildingBlocks/src/Foundation/Tw.Core/Tw.Core.csproj" Id="7acbd999-ad5a-4321-a343-f20712fc09f2" />
    <Project Path="BuildingBlocks/src/Foundation/Tw.DependencyInjection.Abstractions/Tw.DependencyInjection.Abstractions.csproj" />
    <Project Path="BuildingBlocks/src/Foundation/Tw.DependencyInjection/Tw.DependencyInjection.csproj" />
    <Project Path="BuildingBlocks/src/Web/Tw.AspNetCore.Localization/Tw.AspNetCore.Localization.csproj" Id="936f3743-bb2e-4d8d-8d35-a813ecd6d67e" />
    <Project Path="BuildingBlocks/src/Localization/Tw.Localization/Tw.Localization.csproj" Id="e8620234-7f4b-4bcf-933f-815d1803224c" />
  </Folder>
  <Folder Name="/BuildingBlocks/src/Ddd/" />
  <Folder Name="/BuildingBlocks/tests/">
    <Project Path="BuildingBlocks/tests/Tw.AspNetCore.Grpc.Tests/Tw.AspNetCore.Grpc.Tests.csproj" />
    <Project Path="BuildingBlocks/tests/Tw.AspNetCore.Mvc.Tests/Tw.AspNetCore.Mvc.Tests.csproj" />
    <Project Path="BuildingBlocks/tests/Tw.AspNetCore.Tests/Tw.AspNetCore.Tests.csproj" />
    <Project Path="BuildingBlocks/tests/Tw.Architecture.Tests/Tw.Architecture.Tests.csproj" />
    <Project Path="BuildingBlocks/tests/Tw.Core.Tests/Tw.Core.Tests.csproj" />
    <Project Path="BuildingBlocks/tests/Tw.DependencyInjection.Abstractions.Tests/Tw.DependencyInjection.Abstractions.Tests.csproj" />
    <Project Path="BuildingBlocks/tests/Tw.DependencyInjection.Tests/Tw.DependencyInjection.Tests.csproj" />
    <Project Path="BuildingBlocks/tests/Tw.DependencyInjection.Tests.Fixtures/Tw.DependencyInjection.Tests.Fixtures.csproj" />
    <Project Path="BuildingBlocks/tests/Tw.Excel.MiniExcel.Tests/Tw.Excel.MiniExcel.Tests.csproj" />
    <Project Path="BuildingBlocks/tests/Tw.Excel.Tests/Tw.Excel.Tests.csproj" />
    <Project Path="BuildingBlocks/tests/Tw.ExceptionHandling.Tests/Tw.ExceptionHandling.Tests.csproj" />
    <Project Path="BuildingBlocks/tests/Tw.IdGeneration.Tests/Tw.IdGeneration.Tests.csproj" />
    <Project Path="BuildingBlocks/tests/Tw.IdGeneration.Yitter.Tests/Tw.IdGeneration.Yitter.Tests.csproj" />
    <Project Path="BuildingBlocks/tests/Tw.Json.Abstractions.Tests/Tw.Json.Abstractions.Tests.csproj" />
    <Project Path="BuildingBlocks/tests/Tw.Json.Newtonsoft.Tests/Tw.Json.Newtonsoft.Tests.csproj" />
    <Project Path="BuildingBlocks/tests/Tw.Security.Tests/Tw.Security.Tests.csproj" />
    <Project Path="BuildingBlocks/tests/Tw.TextTemplating.Tests/Tw.TextTemplating.Tests.csproj" />
    <Project Path="BuildingBlocks/tests/Tw.TextTemplating.Scriban.Tests/Tw.TextTemplating.Scriban.Tests.csproj" />
    <Project Path="BuildingBlocks/tests/Tw.Threading.Tests/Tw.Threading.Tests.csproj" />
    <Project Path="BuildingBlocks/tests/Tw.Timing.Tests/Tw.Timing.Tests.csproj" />
    <Project Path="BuildingBlocks/tests/Tw.Uow.Tests/Tw.Uow.Tests.csproj" />
    <Project Path="BuildingBlocks/tests/Tw.Validation.Abstractions.Tests/Tw.Validation.Abstractions.Tests.csproj" />
    <Project Path="BuildingBlocks/tests/Tw.AspNetCore.Localization.Tests/Tw.AspNetCore.Localization.Tests.csproj" />
    <Project Path="BuildingBlocks/tests/Tw.Localization.Tests/Tw.Localization.Tests.csproj" />
  </Folder>
  <Folder Name="/Services/" />
  <Folder Name="/Services/Authentication/" />
  <Folder Name="/Services/Authentication/src/" />
  <Folder Name="/Services/Authentication/tests/" />
  <Folder Name="/Services/Authorization/" />
  <Folder Name="/Services/Authorization/src/" />
  <Folder Name="/Services/Authorization/tests/" />
  <Folder Name="/Services/Notice/" />
  <Folder Name="/Services/Notice/src/" />
  <Folder Name="/Services/Notice/tests/" />
  <Folder Name="/Services/OSS/" />
  <Folder Name="/Services/OSS/src/" />
  <Folder Name="/Services/OSS/tests/" />
  <Folder Name="/Services/System/" />
  <Folder Name="/Services/System/src/">
  </Folder>
  <Folder Name="/Services/System/tests/" />
</Solution>
