{
  "version": 2,
  "dependencies": {
    "net10.0": {
      "tw.core": {
        "type": "Project"
      },
      "tw.dependencyinjection": {
        "type": "Project",
        "dependencies": {
          "Autofac": "[9.1.0, )",
          "Autofac.Extensions.DependencyInjection": "[11.0.0, )",
          "Autofac.Extras.DynamicProxy": "[7.1.0, )",
          "Castle.Core": "[5.2.1, )",
          "Castle.Core.AsyncInterceptor": "[2.1.0, )",
          "Tw.Core": "[1.0.0, )"
        }
      },
      "Autofac": {
        "type": "CentralTransitive",
        "requested": "[9.1.0, )",
        "resolved": "9.1.0",
        "contentHash": "onT/BcnnfWcQNXiuC7R/0h8ALQzRdsAI20gpB7nfrudXpFMXdVZKz1umdtHXDwjc/bmWEsrCBAxck3+Arnk15g=="
      },
      "Autofac.Extensions.DependencyInjection": {
        "type": "CentralTransitive",
        "requested": "[11.0.0, )",
        "resolved": "11.0.0",
        "contentHash": "/FSrJyYEsptkV9O3L95dTAoGO6XGSQFDENWHFcHxW0oQIEvW56Mgr01qO53EIEIDDvMFqszBU+uIm9fzGARLPQ==",
        "dependencies": {
          "Autofac": "9.1.0"
        }
      },
      "Autofac.Extras.DynamicProxy": {
        "type": "CentralTransitive",
        "requested": "[7.1.0, )",
        "resolved": "7.1.0",
        "contentHash": "Da6Szv7A1LK/cTdeoyqS45zb/BC5vep8+86f6C1oh2UhZaYtiijlNfLWamp3lxe0uUQ33kFe1dDCjsvfwJWzLg==",
        "dependencies": {
          "Autofac": "6.5.0",
          "Castle.Core": "5.1.1"
        }
      },
      "Castle.Core": {
        "type": "CentralTransitive",
        "requested": "[5.2.1, )",
        "resolved": "5.2.1",
        "contentHash": "wHARzQA695jwwKreOzNsq54KiGqKP38tv8hi8e2FXDEC/sA6BtrX90tVPDkOfVu13PbEzr00TCV8coikl+D1Iw=="
      },
      "Castle.Core.AsyncInterceptor": {
        "type": "CentralTransitive",
        "requested": "[2.1.0, )",
        "resolved": "2.1.0",
        "contentHash": "1vOovJnbjjoCFbPPNLvLTeiqJwoA+aRXkhXcgCQY0pi1eejGqCegJwl58pIIPH/uKDfUXnPIo7aqSrcXEyEH1Q==",
        "dependencies": {
          "Castle.Core": "4.4.0"
        }
      }
    }
  }
}