{
  "version": 2,
  "dependencies": {
    "net10.0": {
      "company.service.application.contracts": {
        "type": "Project",
        "dependencies": {
          "Company.Service.Domain.Shared": "[0.1.0-alpha.1, )"
        }
      },
      "company.service.domain": {
        "type": "Project",
        "dependencies": {
          "Company.Service.Domain.Shared": "[0.1.0-alpha.1, )"
        }
      },
      "company.service.domain.shared": {
        "type": "Project"
      }
    }
  }
}