{
  "version": 2,
  "dependencies": {
    "net10.0": {
      "tw.aspnetcore": {
        "type": "Project",
        "dependencies": {
          "Autofac": "[9.1.0, )",
          "Tw.Core": "[1.0.0, )",
          "Tw.DependencyInjection": "[1.0.0, )"
        }
      },
      "tw.castle.core": {
        "type": "Project",
        "dependencies": {
          "Castle.Core": "[5.2.1, )",
          "Castle.Core.AsyncInterceptor": "[2.1.0, )",
          "Tw.DependencyInjection.Abstractions": "[1.0.0, )"
        }
      },
      "tw.core": {
        "type": "Project"
      },
      "tw.dependencyinjection": {
        "type": "Project",
        "dependencies": {
          "Microsoft.Extensions.DependencyModel": "[10.0.0, )",
          "Tw.DependencyInjection.Abstractions": "[1.0.0, )"
        }
      },
      "tw.dependencyinjection.abstractions": {
        "type": "Project"
      },
      "tw.threading": {
        "type": "Project"
      },
      "Autofac": {
        "type": "CentralTransitive",
        "requested": "[9.1.0, )",
        "resolved": "9.1.0",
        "contentHash": "onT/BcnnfWcQNXiuC7R/0h8ALQzRdsAI20gpB7nfrudXpFMXdVZKz1umdtHXDwjc/bmWEsrCBAxck3+Arnk15g=="
      },
      "Castle.Core": {
        "type": "CentralTransitive",
        "requested": "[5.2.1, )",
        "resolved": "5.2.1",
        "contentHash": "wHARzQA695jwwKreOzNsq54KiGqKP38tv8hi8e2FXDEC/sA6BtrX90tVPDkOfVu13PbEzr00TCV8coikl+D1Iw=="
      },
      "Castle.Core.AsyncInterceptor": {
        "type": "CentralTransitive",
        "requested": "[2.1.0, )",
        "resolved": "2.1.0",
        "contentHash": "1vOovJnbjjoCFbPPNLvLTeiqJwoA+aRXkhXcgCQY0pi1eejGqCegJwl58pIIPH/uKDfUXnPIo7aqSrcXEyEH1Q==",
        "dependencies": {
          "Castle.Core": "4.4.0"
        }
      },
      "Microsoft.Extensions.DependencyModel": {
        "type": "CentralTransitive",
        "requested": "[10.0.0, )",
        "resolved": "10.0.0",
        "contentHash": "RFYJR7APio/BiqdQunRq6DB+nDB6nc2qhHr77mlvZ0q0BT8PubMXN7XicmfzCbrDE/dzhBnUKBRXLTcqUiZDGg=="
      }
    }
  }
}